// !$*UTF8*$!
{
	archiveVersion = 1;
	classes = {
	};
	objectVersion = 50;
	objects = {

/* Begin PBXBuildFile section */
		1E07EF3D264748F500243481 /* Closure.swift in Sources */ = {isa = PBXBuildFile; fileRef = 1E07EF3C264748F500243481 /* Closure.swift */; };
		1E2A3044261A760B0068253C /* main.swift in Sources */ = {isa = PBXBuildFile; fileRef = 1E2A3043261A760B0068253C /* main.swift */; };
		1E2A304E261A80BC0068253C /* Random.swift in Sources */ = {isa = PBXBuildFile; fileRef = 1E2A304D261A80BC0068253C /* Random.swift */; };
		1E7D76D72643726200082F70 /* tuples.swift in Sources */ = {isa = PBXBuildFile; fileRef = 1E7D76D62643726200082F70 /* tuples.swift */; };
		1E7D76DA264384A800082F70 /* dictionaries.swift in Sources */ = {isa = PBXBuildFile; fileRef = 1E7D76D9264384A800082F70 /* dictionaries.swift */; };
		1E7D76DD26438B7800082F70 /* enum.swift in Sources */ = {isa = PBXBuildFile; fileRef = 1E7D76DC26438B7800082F70 /* enum.swift */; };
		1ECF93F72644A4DD00400D77 /* Functions.swift in Sources */ = {isa = PBXBuildFile; fileRef = 1ECF93F62644A4DD00400D77 /* Functions.swift */; };
		1EDFA77B261D1D3400B0697A /* lists.swift in Sources */ = {isa = PBXBuildFile; fileRef = 1EDFA77A261D1D3400B0697A /* lists.swift */; };
		1EF09772261D316E0049F032 /* sets.swift in Sources */ = {isa = PBXBuildFile; fileRef = 1EF09771261D316E0049F032 /* sets.swift */; };
/* End PBXBuildFile section */

/* Begin PBXCopyFilesBuildPhase section */
		1E2A303E261A760B0068253C /* CopyFiles */ = {
			isa = PBXCopyFilesBuildPhase;
			buildActionMask = 2147483647;
			dstPath = /usr/share/man/man1/;
			dstSubfolderSpec = 0;
			files = (
			);
			runOnlyForDeploymentPostprocessing = 1;
		};
/* End PBXCopyFilesBuildPhase section */

/* Begin PBXFileReference section */
		1E07EF3C264748F500243481 /* Closure.swift */ = {isa = PBXFileReference; lastKnownFileType = sourcecode.swift; path = Closure.swift; sourceTree = "<group>"; };
		1E2A3040261A760B0068253C /* 100DaysOfSwift */ = {isa = PBXFileReference; explicitFileType = "compiled.mach-o.executable"; includeInIndex = 0; path = 100DaysOfSwift; sourceTree = BUILT_PRODUCTS_DIR; };
		1E2A3043261A760B0068253C /* main.swift */ = {isa = PBXFileReference; lastKnownFileType = sourcecode.swift; path = main.swift; sourceTree = "<group>"; };
		1E2A304D261A80BC0068253C /* Random.swift */ = {isa = PBXFileReference; lastKnownFileType = sourcecode.swift; path = Random.swift; sourceTree = "<group>"; };
		1E7D76D62643726200082F70 /* tuples.swift */ = {isa = PBXFileReference; lastKnownFileType = sourcecode.swift; path = tuples.swift; sourceTree = "<group>"; };
		1E7D76D9264384A800082F70 /* dictionaries.swift */ = {isa = PBXFileReference; lastKnownFileType = sourcecode.swift; path = dictionaries.swift; sourceTree = "<group>"; };
		1E7D76DC26438B7800082F70 /* enum.swift */ = {isa = PBXFileReference; lastKnownFileType = sourcecode.swift; path = enum.swift; sourceTree = "<group>"; };
		1ECF93F62644A4DD00400D77 /* Functions.swift */ = {isa = PBXFileReference; lastKnownFileType = sourcecode.swift; path = Functions.swift; sourceTree = "<group>"; };
		1EDFA77A261D1D3400B0697A /* lists.swift */ = {isa = PBXFileReference; lastKnownFileType = sourcecode.swift; path = lists.swift; sourceTree = "<group>"; };
		1EF09771261D316E0049F032 /* sets.swift */ = {isa = PBXFileReference; lastKnownFileType = sourcecode.swift; path = sets.swift; sourceTree = "<group>"; };
/* End PBXFileReference section */

/* Begin PBXFrameworksBuildPhase section */
		1E2A303D261A760B0068253C /* Frameworks */ = {
			isa = PBXFrameworksBuildPhase;
			buildActionMask = 2147483647;
			files = (
			);
			runOnlyForDeploymentPostprocessing = 0;
		};
/* End PBXFrameworksBuildPhase section */

/* Begin PBXGroup section */
		1E07EF372647444600243481 /* Day6 */ = {
			isa = PBXGroup;
			children = (
				1E07EF3C264748F500243481 /* Closure.swift */,
			);
			path = Day6;
			sourceTree = "<group>";
		};
		1E2A3037261A760B0068253C = {
			isa = PBXGroup;
			children = (
				1E2A3042261A760B0068253C /* 100DaysOfSwift */,
				1E2A3041261A760B0068253C /* Products */,
			);
			sourceTree = "<group>";
		};
		1E2A3041261A760B0068253C /* Products */ = {
			isa = PBXGroup;
			children = (
				1E2A3040261A760B0068253C /* 100DaysOfSwift */,
			);
			name = Products;
			sourceTree = "<group>";
		};
		1E2A3042261A760B0068253C /* 100DaysOfSwift */ = {
			isa = PBXGroup;
			children = (
				1E07EF372647444600243481 /* Day6 */,
				1ECF93F52644A4C500400D77 /* Day5 */,
				1EDFA778261D1D1F00B0697A /* Day2 */,
				1E2A304B261A76FC0068253C /* Day1 */,
			);
			path = 100DaysOfSwift;
			sourceTree = "<group>";
		};
		1E2A304B261A76FC0068253C /* Day1 */ = {
			isa = PBXGroup;
			children = (
				1E2A3043261A760B0068253C /* main.swift */,
				1E2A304D261A80BC0068253C /* Random.swift */,
			);
			path = Day1;
			sourceTree = "<group>";
		};
		1ECF93F52644A4C500400D77 /* Day5 */ = {
			isa = PBXGroup;
			children = (
				1ECF93F62644A4DD00400D77 /* Functions.swift */,
			);
			path = Day5;
			sourceTree = "<group>";
		};
		1EDFA778261D1D1F00B0697A /* Day2 */ = {
			isa = PBXGroup;
			children = (
				1EDFA77A261D1D3400B0697A /* lists.swift */,
				1EF09771261D316E0049F032 /* sets.swift */,
				1E7D76D62643726200082F70 /* tuples.swift */,
				1E7D76D9264384A800082F70 /* dictionaries.swift */,
				1E7D76DC26438B7800082F70 /* enum.swift */,
			);
			path = Day2;
			sourceTree = "<group>";
		};
/* End PBXGroup section */

/* Begin PBXNativeTarget section */
		1E2A303F261A760B0068253C /* 100DaysOfSwift */ = {
			isa = PBXNativeTarget;
			buildConfigurationList = 1E2A3047261A760B0068253C /* Build configuration list for PBXNativeTarget "100DaysOfSwift" */;
			buildPhases = (
				1E2A303C261A760B0068253C /* Sources */,
				1E2A303D261A760B0068253C /* Frameworks */,
				1E2A303E261A760B0068253C /* CopyFiles */,
			);
			buildRules = (
			);
			dependencies = (
			);
			name = 100DaysOfSwift;
			productName = 100DaysOfSwift;
			productReference = 1E2A3040261A760B0068253C /* 100DaysOfSwift */;
			productType = "com.apple.product-type.tool";
		};
/* End PBXNativeTarget section */

/* Begin PBXProject section */
		1E2A3038261A760B0068253C /* Project object */ = {
			isa = PBXProject;
			attributes = {
				LastSwiftUpdateCheck = 1240;
				LastUpgradeCheck = 1240;
				TargetAttributes = {
					1E2A303F261A760B0068253C = {
						CreatedOnToolsVersion = 12.4;
					};
				};
			};
			buildConfigurationList = 1E2A303B261A760B0068253C /* Build configuration list for PBXProject "100DaysOfSwift" */;
			compatibilityVersion = "Xcode 9.3";
			developmentRegion = en;
			hasScannedForEncodings = 0;
			knownRegions = (
				en,
				Base,
			);
			mainGroup = 1E2A3037261A760B0068253C;
			productRefGroup = 1E2A3041261A760B0068253C /* Products */;
			projectDirPath = "";
			projectRoot = "";
			targets = (
				1E2A303F261A760B0068253C /* 100DaysOfSwift */,
			);
		};
/* End PBXProject section */

/* Begin PBXSourcesBuildPhase section */
		1E2A303C261A760B0068253C /* Sources */ = {
			isa = PBXSourcesBuildPhase;
			buildActionMask = 2147483647;
			files = (
				1EF09772261D316E0049F032 /* sets.swift in Sources */,
				1E2A304E261A80BC0068253C /* Random.swift in Sources */,
				1E7D76DD26438B7800082F70 /* enum.swift in Sources */,
				1ECF93F72644A4DD00400D77 /* Functions.swift in Sources */,
				1E7D76D72643726200082F70 /* tuples.swift in Sources */,
				1E7D76DA264384A800082F70 /* dictionaries.swift in Sources */,
				1E07EF3D264748F500243481 /* Closure.swift in Sources */,
				1E2A3044261A760B0068253C /* main.swift in Sources */,
				1EDFA77B261D1D3400B0697A /* lists.swift in Sources */,
			);
			runOnlyForDeploymentPostprocessing = 0;
		};
/* End PBXSourcesBuildPhase section */

/* Begin XCBuildConfiguration section */
		1E2A3045261A760B0068253C /* Debug */ = {
			isa = XCBuildConfiguration;
			buildSettings = {
				ALWAYS_SEARCH_USER_PATHS = NO;
				CLANG_ANALYZER_NONNULL = YES;
				CLANG_ANALYZER_NUMBER_OBJECT_CONVERSION = YES_AGGRESSIVE;
				CLANG_CXX_LANGUAGE_STANDARD = "gnu++14";
				CLANG_CXX_LIBRARY = "libc++";
				CLANG_ENABLE_MODULES = YES;
				CLANG_ENABLE_OBJC_ARC = YES;
				CLANG_ENABLE_OBJC_WEAK = YES;
				CLANG_WARN_BLOCK_CAPTURE_AUTORELEASING = YES;
				CLANG_WARN_BOOL_CONVERSION = YES;
				CLANG_WARN_COMMA = YES;
				CLANG_WARN_CONSTANT_CONVERSION = YES;
				CLANG_WARN_DEPRECATED_OBJC_IMPLEMENTATIONS = YES;
				CLANG_WARN_DIRECT_OBJC_ISA_USAGE = YES_ERROR;
				CLANG_WARN_DOCUMENTATION_COMMENTS = YES;
				CLANG_WARN_EMPTY_BODY = YES;
				CLANG_WARN_ENUM_CONVERSION = YES;
				CLANG_WARN_INFINITE_RECURSION = YES;
				CLANG_WARN_INT_CONVERSION = YES;
				CLANG_WARN_NON_LITERAL_NULL_CONVERSION = YES;
				CLANG_WARN_OBJC_IMPLICIT_RETAIN_SELF = YES;
				CLANG_WARN_OBJC_LITERAL_CONVERSION = YES;
				CLANG_WARN_OBJC_ROOT_CLASS = YES_ERROR;
				CLANG_WARN_QUOTED_INCLUDE_IN_FRAMEWORK_HEADER = YES;
				CLANG_WARN_RANGE_LOOP_ANALYSIS = YES;
				CLANG_WARN_STRICT_PROTOTYPES = YES;
				CLANG_WARN_SUSPICIOUS_MOVE = YES;
				CLANG_WARN_UNGUARDED_AVAILABILITY = YES_AGGRESSIVE;
				CLANG_WARN_UNREACHABLE_CODE = YES;
				CLANG_WARN__DUPLICATE_METHOD_MATCH = YES;
				COPY_PHASE_STRIP = NO;
				DEBUG_INFORMATION_FORMAT = dwarf;
				ENABLE_STRICT_OBJC_MSGSEND = YES;
				ENABLE_TESTABILITY = YES;
				GCC_C_LANGUAGE_STANDARD = gnu11;
				GCC_DYNAMIC_NO_PIC = NO;
				GCC_NO_COMMON_BLOCKS = YES;
				GCC_OPTIMIZATION_LEVEL = 0;
				GCC_PREPROCESSOR_DEFINITIONS = (
					"DEBUG=1",
					"$(inherited)",
				);
				GCC_WARN_64_TO_32_BIT_CONVERSION = YES;
				GCC_WARN_ABOUT_RETURN_TYPE = YES_ERROR;
				GCC_WARN_UNDECLARED_SELECTOR = YES;
				GCC_WARN_UNINITIALIZED_AUTOS = YES_AGGRESSIVE;
				GCC_WARN_UNUSED_FUNCTION = YES;
				GCC_WARN_UNUSED_VARIABLE = YES;
				MACOSX_DEPLOYMENT_TARGET = 10.15;
				MTL_ENABLE_DEBUG_INFO = INCLUDE_SOURCE;
				MTL_FAST_MATH = YES;
				ONLY_ACTIVE_ARCH = YES;
				SDKROOT = macosx;
				SWIFT_ACTIVE_COMPILATION_CONDITIONS = DEBUG;
				SWIFT_OPTIMIZATION_LEVEL = "-Onone";
			};
			name = Debug;
		};
		1E2A3046261A760B0068253C /* Release */ = {
			isa = XCBuildConfiguration;
			buildSettings = {
				ALWAYS_SEARCH_USER_PATHS = NO;
				CLANG_ANALYZER_NONNULL = YES;
				CLANG_ANALYZER_NUMBER_OBJECT_CONVERSION = YES_AGGRESSIVE;
				CLANG_CXX_LANGUAGE_STANDARD = "gnu++14";
				CLANG_CXX_LIBRARY = "libc++";
				CLANG_ENABLE_MODULES = YES;
				CLANG_ENABLE_OBJC_ARC = YES;
				CLANG_ENABLE_OBJC_WEAK = YES;
				CLANG_WARN_BLOCK_CAPTURE_AUTORELEASING = YES;
				CLANG_WARN_BOOL_CONVERSION = YES;
				CLANG_WARN_COMMA = YES;
				CLANG_WARN_CONSTANT_CONVERSION = YES;
				CLANG_WARN_DEPRECATED_OBJC_IMPLEMENTATIONS = YES;
				CLANG_WARN_DIRECT_OBJC_ISA_USAGE = YES_ERROR;
				CLANG_WARN_DOCUMENTATION_COMMENTS = YES;
				CLANG_WARN_EMPTY_BODY = YES;
				CLANG_WARN_ENUM_CONVERSION = YES;
				CLANG_WARN_INFINITE_RECURSION = YES;
				CLANG_WARN_INT_CONVERSION = YES;
				CLANG_WARN_NON_LITERAL_NULL_CONVERSION = YES;
				CLANG_WARN_OBJC_IMPLICIT_RETAIN_SELF = YES;
				CLANG_WARN_OBJC_LITERAL_CONVERSION = YES;
				CLANG_WARN_OBJC_ROOT_CLASS = YES_ERROR;
				CLANG_WARN_QUOTED_INCLUDE_IN_FRAMEWORK_HEADER = YES;
				CLANG_WARN_RANGE_LOOP_ANALYSIS = YES;
				CLANG_WARN_STRICT_PROTOTYPES = YES;
				CLANG_WARN_SUSPICIOUS_MOVE = YES;
				CLANG_WARN_UNGUARDED_AVAILABILITY = YES_AGGRESSIVE;
				CLANG_WARN_UNREACHABLE_CODE = YES;
				CLANG_WARN__DUPLICATE_METHOD_MATCH = YES;
				COPY_PHASE_STRIP = NO;
				DEBUG_INFORMATION_FORMAT = "dwarf-with-dsym";
				ENABLE_NS_ASSERTIONS = NO;
				ENABLE_STRICT_OBJC_MSGSEND = YES;
				GCC_C_LANGUAGE_STANDARD = gnu11;
				GCC_NO_COMMON_BLOCKS = YES;
				GCC_WARN_64_TO_32_BIT_CONVERSION = YES;
				GCC_WARN_ABOUT_RETURN_TYPE = YES_ERROR;
				GCC_WARN_UNDECLARED_SELECTOR = YES;
				GCC_WARN_UNINITIALIZED_AUTOS = YES_AGGRESSIVE;
				GCC_WARN_UNUSED_FUNCTION = YES;
				GCC_WARN_UNUSED_VARIABLE = YES;
				MACOSX_DEPLOYMENT_TARGET = 10.15;
				MTL_ENABLE_DEBUG_INFO = NO;
				MTL_FAST_MATH = YES;
				SDKROOT = macosx;
				SWIFT_COMPILATION_MODE = wholemodule;
				SWIFT_OPTIMIZATION_LEVEL = "-O";
			};
			name = Release;
		};
		1E2A3048261A760B0068253C /* Debug */ = {
			isa = XCBuildConfiguration;
			buildSettings = {
				CODE_SIGN_STYLE = Automatic;
				DEVELOPMENT_TEAM = RP2RFYQF3L;
				ENABLE_HARDENED_RUNTIME = YES;
				PRODUCT_NAME = "$(TARGET_NAME)";
				SWIFT_VERSION = 5.0;
			};
			name = Debug;
		};
		1E2A3049261A760B0068253C /* Release */ = {
			isa = XCBuildConfiguration;
			buildSettings = {
				CODE_SIGN_STYLE = Automatic;
				DEVELOPMENT_TEAM = RP2RFYQF3L;
				ENABLE_HARDENED_RUNTIME = YES;
				PRODUCT_NAME = "$(TARGET_NAME)";
				SWIFT_VERSION = 5.0;
			};
			name = Release;
		};
/* End XCBuildConfiguration section */

/* Begin XCConfigurationList section */
		1E2A303B261A760B0068253C /* Build configuration list for PBXProject "100DaysOfSwift" */ = {
			isa = XCConfigurationList;
			buildConfigurations = (
				1E2A3045261A760B0068253C /* Debug */,
				1E2A3046261A760B0068253C /* Release */,
			);
			defaultConfigurationIsVisible = 0;
			defaultConfigurationName = Release;
		};
		1E2A3047261A760B0068253C /* Build configuration list for PBXNativeTarget "100DaysOfSwift" */ = {
			isa = XCConfigurationList;
			buildConfigurations = (
				1E2A3048261A760B0068253C /* Debug */,
				1E2A3049261A760B0068253C /* Release */,
			);
			defaultConfigurationIsVisible = 0;
			defaultConfigurationName = Release;
		};
/* End XCConfigurationList section */
	};
	rootObject = 1E2A3038261A760B0068253C /* Project object */;
}
